// !$*UTF8*$!
{
	archiveVersion = 1;
	classes = {
	};
	objectVersion = 56;
	objects = {

/* Begin PBXBuildFile section */
		964EDAF929C4EAA100B12008 /* ViewController+ViewDidLoad.swift in Sources */ = {isa = PBXBuildFile; fileRef = 964EDAF829C4EAA100B12008 /* ViewController+ViewDidLoad.swift */; };
		964EDAFB29C4EB1F00B12008 /* ViewController+Randomize.swift in Sources */ = {isa = PBXBuildFile; fileRef = 964EDAFA29C4EB1F00B12008 /* ViewController+Randomize.swift */; };
		964EDAFD29C4EE4000B12008 /* ViewController+Reset.swift in Sources */ = {isa = PBXBuildFile; fileRef = 964EDAFC29C4EE4000B12008 /* ViewController+Reset.swift */; };
		964EDAFF29C4EF2500B12008 /* ViewController+GameOptions.swift in Sources */ = {isa = PBXBuildFile; fileRef = 964EDAFE29C4EF2500B12008 /* ViewController+GameOptions.swift */; };
		964EDB0129C4EF9D00B12008 /* ViewController+MakeTiles.swift in Sources */ = {isa = PBXBuildFile; fileRef = 964EDB0029C4EF9D00B12008 /* ViewController+MakeTiles.swift */; };
		964EDB0329C5050300B12008 /* ViewController+TouchesEnded.swift in Sources */ = {isa = PBXBuildFile; fileRef = 964EDB0229C5050300B12008 /* ViewController+TouchesEnded.swift */; };
		964EDB0529C512E400B12008 /* ViewController+FlipToReveal.swift in Sources */ = {isa = PBXBuildFile; fileRef = 964EDB0429C512E400B12008 /* ViewController+FlipToReveal.swift */; };
		964EDB0729C51FF600B12008 /* ViewController+RevealAndCompare.swift in Sources */ = {isa = PBXBuildFile; fileRef = 964EDB0629C51FF600B12008 /* ViewController+RevealAndCompare.swift */; };
		964EDB0929C5228700B12008 /* ViewController+Compare.swift in Sources */ = {isa = PBXBuildFile; fileRef = 964EDB0829C5228700B12008 /* ViewController+Compare.swift */; };
		966547ED29C3E2CE00EAAFDF /* ViewController+TimerFunction.swift in Sources */ = {isa = PBXBuildFile; fileRef = 966547EC29C3E2CE00EAAFDF /* ViewController+TimerFunction.swift */; };
		9687F9A629C25E250027FC21 /* LabelCard.swift in Sources */ = {isa = PBXBuildFile; fileRef = 9687F9A529C25E250027FC21 /* LabelCard.swift */; };
		96CC91F129C68AE9005A7F20 /* ViewController+FlipBack.swift in Sources */ = {isa = PBXBuildFile; fileRef = 96CC91F029C68AE9005A7F20 /* ViewController+FlipBack.swift */; };
		96CC91F329C68D10005A7F20 /* ViewController+FlipSmile.swift in Sources */ = {isa = PBXBuildFile; fileRef = 96CC91F229C68D10005A7F20 /* ViewController+FlipSmile.swift */; };
		96DECF7B29C0E8C1009F42A2 /* AppDelegate.swift in Sources */ = {isa = PBXBuildFile; fileRef = 96DECF7A29C0E8C1009F42A2 /* AppDelegate.swift */; };
		96DECF7D29C0E8C1009F42A2 /* SceneDelegate.swift in Sources */ = {isa = PBXBuildFile; fileRef = 96DECF7C29C0E8C1009F42A2 /* SceneDelegate.swift */; };
		96DECF7F29C0E8C1009F42A2 /* ViewController.swift in Sources */ = {isa = PBXBuildFile; fileRef = 96DECF7E29C0E8C1009F42A2 /* ViewController.swift */; };
		96DECF8229C0E8C1009F42A2 /* Main.storyboard in Resources */ = {isa = PBXBuildFile; fileRef = 96DECF8029C0E8C1009F42A2 /* Main.storyboard */; };
		96DECF8429C0E8C3009F42A2 /* Assets.xcassets in Resources */ = {isa = PBXBuildFile; fileRef = 96DECF8329C0E8C3009F42A2 /* Assets.xcassets */; };
		96DECF8729C0E8C3009F42A2 /* LaunchScreen.storyboard in Resources */ = {isa = PBXBuildFile; fileRef = 96DECF8529C0E8C3009F42A2 /* LaunchScreen.storyboard */; };
		96E3E8E829C7854C004CD5A8 /* ViewController+WonState.swift in Sources */ = {isa = PBXBuildFile; fileRef = 96E3E8E729C7854C004CD5A8 /* ViewController+WonState.swift */; };
/* End PBXBuildFile section */

/* Begin PBXFileReference section */
		964EDAF829C4EAA100B12008 /* ViewController+ViewDidLoad.swift */ = {isa = PBXFileReference; lastKnownFileType = sourcecode.swift; path = "ViewController+ViewDidLoad.swift"; sourceTree = SOURCE_ROOT; };
		964EDAFA29C4EB1F00B12008 /* ViewController+Randomize.swift */ = {isa = PBXFileReference; lastKnownFileType = sourcecode.swift; path = "ViewController+Randomize.swift"; sourceTree = "<group>"; };
		964EDAFC29C4EE4000B12008 /* ViewController+Reset.swift */ = {isa = PBXFileReference; lastKnownFileType = sourcecode.swift; path = "ViewController+Reset.swift"; sourceTree = "<group>"; };
		964EDAFE29C4EF2500B12008 /* ViewController+GameOptions.swift */ = {isa = PBXFileReference; lastKnownFileType = sourcecode.swift; path = "ViewController+GameOptions.swift"; sourceTree = "<group>"; };
		964EDB0029C4EF9D00B12008 /* ViewController+MakeTiles.swift */ = {isa = PBXFileReference; lastKnownFileType = sourcecode.swift; path = "ViewController+MakeTiles.swift"; sourceTree = "<group>"; };
		964EDB0229C5050300B12008 /* ViewController+TouchesEnded.swift */ = {isa = PBXFileReference; lastKnownFileType = sourcecode.swift; path = "ViewController+TouchesEnded.swift"; sourceTree = "<group>"; };
		964EDB0429C512E400B12008 /* ViewController+FlipToReveal.swift */ = {isa = PBXFileReference; lastKnownFileType = sourcecode.swift; path = "ViewController+FlipToReveal.swift"; sourceTree = "<group>"; };
		964EDB0629C51FF600B12008 /* ViewController+RevealAndCompare.swift */ = {isa = PBXFileReference; lastKnownFileType = sourcecode.swift; path = "ViewController+RevealAndCompare.swift"; sourceTree = "<group>"; };
		964EDB0829C5228700B12008 /* ViewController+Compare.swift */ = {isa = PBXFileReference; lastKnownFileType = sourcecode.swift; path = "ViewController+Compare.swift"; sourceTree = "<group>"; };
		966547EC29C3E2CE00EAAFDF /* ViewController+TimerFunction.swift */ = {isa = PBXFileReference; lastKnownFileType = sourcecode.swift; path = "ViewController+TimerFunction.swift"; sourceTree = "<group>"; };
		9687F9A529C25E250027FC21 /* LabelCard.swift */ = {isa = PBXFileReference; lastKnownFileType = sourcecode.swift; path = LabelCard.swift; sourceTree = "<group>"; };
		96CC91F029C68AE9005A7F20 /* ViewController+FlipBack.swift */ = {isa = PBXFileReference; lastKnownFileType = sourcecode.swift; path = "ViewController+FlipBack.swift"; sourceTree = "<group>"; };
		96CC91F229C68D10005A7F20 /* ViewController+FlipSmile.swift */ = {isa = PBXFileReference; lastKnownFileType = sourcecode.swift; path = "ViewController+FlipSmile.swift"; sourceTree = "<group>"; };
		96DECF7729C0E8C1009F42A2 /* Memory Puzzle Game.app */ = {isa = PBXFileReference; explicitFileType = wrapper.application; includeInIndex = 0; path = "Memory Puzzle Game.app"; sourceTree = BUILT_PRODUCTS_DIR; };
		96DECF7A29C0E8C1009F42A2 /* AppDelegate.swift */ = {isa = PBXFileReference; lastKnownFileType = sourcecode.swift; path = AppDelegate.swift; sourceTree = "<group>"; };
		96DECF7C29C0E8C1009F42A2 /* SceneDelegate.swift */ = {isa = PBXFileReference; lastKnownFileType = sourcecode.swift; path = SceneDelegate.swift; sourceTree = "<group>"; };
		96DECF7E29C0E8C1009F42A2 /* ViewController.swift */ = {isa = PBXFileReference; lastKnownFileType = sourcecode.swift; path = ViewController.swift; sourceTree = "<group>"; };
		96DECF8129C0E8C1009F42A2 /* Base */ = {isa = PBXFileReference; lastKnownFileType = file.storyboard; name = Base; path = Base.lproj/Main.storyboard; sourceTree = "<group>"; };
		96DECF8329C0E8C3009F42A2 /* Assets.xcassets */ = {isa = PBXFileReference; lastKnownFileType = folder.assetcatalog; path = Assets.xcassets; sourceTree = "<group>"; };
		96DECF8629C0E8C3009F42A2 /* Base */ = {isa = PBXFileReference; lastKnownFileType = file.storyboard; name = Base; path = Base.lproj/LaunchScreen.storyboard; sourceTree = "<group>"; };
		96DECF8829C0E8C3009F42A2 /* Info.plist */ = {isa = PBXFileReference; lastKnownFileType = text.plist.xml; path = Info.plist; sourceTree = "<group>"; };
		96E3E8E729C7854C004CD5A8 /* ViewController+WonState.swift */ = {isa = PBXFileReference; lastKnownFileType = sourcecode.swift; path = "ViewController+WonState.swift"; sourceTree = "<group>"; };
/* End PBXFileReference section */

/* Begin PBXFrameworksBuildPhase section */
		96DECF7429C0E8C1009F42A2 /* Frameworks */ = {
			isa = PBXFrameworksBuildPhase;
			buildActionMask = 2147483647;
			files = (
			);
			runOnlyForDeploymentPostprocessing = 0;
		};
/* End PBXFrameworksBuildPhase section */

/* Begin PBXGroup section */
		96DECF6E29C0E8C1009F42A2 = {
			isa = PBXGroup;
			children = (
				96DECF7929C0E8C1009F42A2 /* Memory Puzzle Game */,
				96DECF7829C0E8C1009F42A2 /* Products */,
			);
			sourceTree = "<group>";
		};
		96DECF7829C0E8C1009F42A2 /* Products */ = {
			isa = PBXGroup;
			children = (
				96DECF7729C0E8C1009F42A2 /* Memory Puzzle Game.app */,
			);
			name = Products;
			sourceTree = "<group>";
		};
		96DECF7929C0E8C1009F42A2 /* Memory Puzzle Game */ = {
			isa = PBXGroup;
			children = (
				96CC91F029C68AE9005A7F20 /* ViewController+FlipBack.swift */,
				96CC91F229C68D10005A7F20 /* ViewController+FlipSmile.swift */,
				964EDB0429C512E400B12008 /* ViewController+FlipToReveal.swift */,
				964EDB0229C5050300B12008 /* ViewController+TouchesEnded.swift */,
				964EDB0829C5228700B12008 /* ViewController+Compare.swift */,
				96E3E8E729C7854C004CD5A8 /* ViewController+WonState.swift */,
				964EDB0629C51FF600B12008 /* ViewController+RevealAndCompare.swift */,
				964EDAF829C4EAA100B12008 /* ViewController+ViewDidLoad.swift */,
				964EDAFA29C4EB1F00B12008 /* ViewController+Randomize.swift */,
				9687F9A529C25E250027FC21 /* LabelCard.swift */,
				96DECF7A29C0E8C1009F42A2 /* AppDelegate.swift */,
				96DECF7C29C0E8C1009F42A2 /* SceneDelegate.swift */,
				96DECF7E29C0E8C1009F42A2 /* ViewController.swift */,
				964EDB0029C4EF9D00B12008 /* ViewController+MakeTiles.swift */,
				964EDAFE29C4EF2500B12008 /* ViewController+GameOptions.swift */,
				964EDAFC29C4EE4000B12008 /* ViewController+Reset.swift */,
				966547EC29C3E2CE00EAAFDF /* ViewController+TimerFunction.swift */,
				96DECF8029C0E8C1009F42A2 /* Main.storyboard */,
				96DECF8329C0E8C3009F42A2 /* Assets.xcassets */,
				96DECF8529C0E8C3009F42A2 /* LaunchScreen.storyboard */,
				96DECF8829C0E8C3009F42A2 /* Info.plist */,
			);
			path = "Memory Puzzle Game";
			sourceTree = "<group>";
		};
/* End PBXGroup section */

/* Begin PBXNativeTarget section */
		96DECF7629C0E8C1009F42A2 /* Memory Puzzle Game */ = {
			isa = PBXNativeTarget;
			buildConfigurationList = 96DECF8B29C0E8C3009F42A2 /* Build configuration list for PBXNativeTarget "Memory Puzzle Game" */;
			buildPhases = (
				96DECF7329C0E8C1009F42A2 /* Sources */,
				96DECF7429C0E8C1009F42A2 /* Frameworks */,
				96DECF7529C0E8C1009F42A2 /* Resources */,
			);
			buildRules = (
			);
			dependencies = (
			);
			name = "Memory Puzzle Game";
			productName = "Memory Puzzle Game";
			productReference = 96DECF7729C0E8C1009F42A2 /* Memory Puzzle Game.app */;
			productType = "com.apple.product-type.application";
		};
/* End PBXNativeTarget section */

/* Begin PBXProject section */
		96DECF6F29C0E8C1009F42A2 /* Project object */ = {
			isa = PBXProject;
			attributes = {
				BuildIndependentTargetsInParallel = 1;
				LastSwiftUpdateCheck = 1420;
				LastUpgradeCheck = 1420;
				TargetAttributes = {
					96DECF7629C0E8C1009F42A2 = {
						CreatedOnToolsVersion = 14.2;
					};
				};
			};
			buildConfigurationList = 96DECF7229C0E8C1009F42A2 /* Build configuration list for PBXProject "Memory Puzzle Game" */;
			compatibilityVersion = "Xcode 14.0";
			developmentRegion = en;
			hasScannedForEncodings = 0;
			knownRegions = (
				en,
				Base,
			);
			mainGroup = 96DECF6E29C0E8C1009F42A2;
			productRefGroup = 96DECF7829C0E8C1009F42A2 /* Products */;
			projectDirPath = "";
			projectRoot = "";
			targets = (
				96DECF7629C0E8C1009F42A2 /* Memory Puzzle Game */,
			);
		};
/* End PBXProject section */

/* Begin PBXResourcesBuildPhase section */
		96DECF7529C0E8C1009F42A2 /* Resources */ = {
			isa = PBXResourcesBuildPhase;
			buildActionMask = 2147483647;
			files = (
				96DECF8729C0E8C3009F42A2 /* LaunchScreen.storyboard in Resources */,
				96DECF8429C0E8C3009F42A2 /* Assets.xcassets in Resources */,
				96DECF8229C0E8C1009F42A2 /* Main.storyboard in Resources */,
			);
			runOnlyForDeploymentPostprocessing = 0;
		};
/* End PBXResourcesBuildPhase section */

/* Begin PBXSourcesBuildPhase section */
		96DECF7329C0E8C1009F42A2 /* Sources */ = {
			isa = PBXSourcesBuildPhase;
			buildActionMask = 2147483647;
			files = (
				964EDAFB29C4EB1F00B12008 /* ViewController+Randomize.swift in Sources */,
				966547ED29C3E2CE00EAAFDF /* ViewController+TimerFunction.swift in Sources */,
				964EDAFD29C4EE4000B12008 /* ViewController+Reset.swift in Sources */,
				9687F9A629C25E250027FC21 /* LabelCard.swift in Sources */,
				96E3E8E829C7854C004CD5A8 /* ViewController+WonState.swift in Sources */,
				964EDAF929C4EAA100B12008 /* ViewController+ViewDidLoad.swift in Sources */,
				964EDB0529C512E400B12008 /* ViewController+FlipToReveal.swift in Sources */,
				96CC91F129C68AE9005A7F20 /* ViewController+FlipBack.swift in Sources */,
				964EDB0929C5228700B12008 /* ViewController+Compare.swift in Sources */,
				96CC91F329C68D10005A7F20 /* ViewController+FlipSmile.swift in Sources */,
				96DECF7F29C0E8C1009F42A2 /* ViewController.swift in Sources */,
				96DECF7B29C0E8C1009F42A2 /* AppDelegate.swift in Sources */,
				96DECF7D29C0E8C1009F42A2 /* SceneDelegate.swift in Sources */,
				964EDB0329C5050300B12008 /* ViewController+TouchesEnded.swift in Sources */,
				964EDB0129C4EF9D00B12008 /* ViewController+MakeTiles.swift in Sources */,
				964EDAFF29C4EF2500B12008 /* ViewController+GameOptions.swift in Sources */,
				964EDB0729C51FF600B12008 /* ViewController+RevealAndCompare.swift in Sources */,
			);
			runOnlyForDeploymentPostprocessing = 0;
		};
/* End PBXSourcesBuildPhase section */

/* Begin PBXVariantGroup section */
		96DECF8029C0E8C1009F42A2 /* Main.storyboard */ = {
			isa = PBXVariantGroup;
			children = (
				96DECF8129C0E8C1009F42A2 /* Base */,
			);
			name = Main.storyboard;
			sourceTree = "<group>";
		};
		96DECF8529C0E8C3009F42A2 /* LaunchScreen.storyboard */ = {
			isa = PBXVariantGroup;
			children = (
				96DECF8629C0E8C3009F42A2 /* Base */,
			);
			name = LaunchScreen.storyboard;
			sourceTree = "<group>";
		};
/* End PBXVariantGroup section */

/* Begin XCBuildConfiguration section */
		96DECF8929C0E8C3009F42A2 /* Debug */ = {
			isa = XCBuildConfiguration;
			buildSettings = {
				ALWAYS_SEARCH_USER_PATHS = NO;
				CLANG_ANALYZER_NONNULL = YES;
				CLANG_ANALYZER_NUMBER_OBJECT_CONVERSION = YES_AGGRESSIVE;
				CLANG_CXX_LANGUAGE_STANDARD = "gnu++20";
				CLANG_ENABLE_MODULES = YES;
				CLANG_ENABLE_OBJC_ARC = YES;
				CLANG_ENABLE_OBJC_WEAK = YES;
				CLANG_WARN_BLOCK_CAPTURE_AUTORELEASING = YES;
				CLANG_WARN_BOOL_CONVERSION = YES;
				CLANG_WARN_COMMA = YES;
				CLANG_WARN_CONSTANT_CONVERSION = YES;
				CLANG_WARN_DEPRECATED_OBJC_IMPLEMENTATIONS = YES;
				CLANG_WARN_DIRECT_OBJC_ISA_USAGE = YES_ERROR;
				CLANG_WARN_DOCUMENTATION_COMMENTS = YES;
				CLANG_WARN_EMPTY_BODY = YES;
				CLANG_WARN_ENUM_CONVERSION = YES;
				CLANG_WARN_INFINITE_RECURSION = YES;
				CLANG_WARN_INT_CONVERSION = YES;
				CLANG_WARN_NON_LITERAL_NULL_CONVERSION = YES;
				CLANG_WARN_OBJC_IMPLICIT_RETAIN_SELF = YES;
				CLANG_WARN_OBJC_LITERAL_CONVERSION = YES;
				CLANG_WARN_OBJC_ROOT_CLASS = YES_ERROR;
				CLANG_WARN_QUOTED_INCLUDE_IN_FRAMEWORK_HEADER = YES;
				CLANG_WARN_RANGE_LOOP_ANALYSIS = YES;
				CLANG_WARN_STRICT_PROTOTYPES = YES;
				CLANG_WARN_SUSPICIOUS_MOVE = YES;
				CLANG_WARN_UNGUARDED_AVAILABILITY = YES_AGGRESSIVE;
				CLANG_WARN_UNREACHABLE_CODE = YES;
				CLANG_WARN__DUPLICATE_METHOD_MATCH = YES;
				COPY_PHASE_STRIP = NO;
				DEBUG_INFORMATION_FORMAT = dwarf;
				ENABLE_STRICT_OBJC_MSGSEND = YES;
				ENABLE_TESTABILITY = YES;
				GCC_C_LANGUAGE_STANDARD = gnu11;
				GCC_DYNAMIC_NO_PIC = NO;
				GCC_NO_COMMON_BLOCKS = YES;
				GCC_OPTIMIZATION_LEVEL = 0;
				GCC_PREPROCESSOR_DEFINITIONS = (
					"DEBUG=1",
					"$(inherited)",
				);
				GCC_WARN_64_TO_32_BIT_CONVERSION = YES;
				GCC_WARN_ABOUT_RETURN_TYPE = YES_ERROR;
				GCC_WARN_UNDECLARED_SELECTOR = YES;
				GCC_WARN_UNINITIALIZED_AUTOS = YES_AGGRESSIVE;
				GCC_WARN_UNUSED_FUNCTION = YES;
				GCC_WARN_UNUSED_VARIABLE = YES;
				IPHONEOS_DEPLOYMENT_TARGET = 16.2;
				MTL_ENABLE_DEBUG_INFO = INCLUDE_SOURCE;
				MTL_FAST_MATH = YES;
				ONLY_ACTIVE_ARCH = YES;
				SDKROOT = iphoneos;
				SWIFT_ACTIVE_COMPILATION_CONDITIONS = DEBUG;
				SWIFT_OPTIMIZATION_LEVEL = "-Onone";
			};
			name = Debug;
		};
		96DECF8A29C0E8C3009F42A2 /* Release */ = {
			isa = XCBuildConfiguration;
			buildSettings = {
				ALWAYS_SEARCH_USER_PATHS = NO;
				CLANG_ANALYZER_NONNULL = YES;
				CLANG_ANALYZER_NUMBER_OBJECT_CONVERSION = YES_AGGRESSIVE;
				CLANG_CXX_LANGUAGE_STANDARD = "gnu++20";
				CLANG_ENABLE_MODULES = YES;
				CLANG_ENABLE_OBJC_ARC = YES;
				CLANG_ENABLE_OBJC_WEAK = YES;
				CLANG_WARN_BLOCK_CAPTURE_AUTORELEASING = YES;
				CLANG_WARN_BOOL_CONVERSION = YES;
				CLANG_WARN_COMMA = YES;
				CLANG_WARN_CONSTANT_CONVERSION = YES;
				CLANG_WARN_DEPRECATED_OBJC_IMPLEMENTATIONS = YES;
				CLANG_WARN_DIRECT_OBJC_ISA_USAGE = YES_ERROR;
				CLANG_WARN_DOCUMENTATION_COMMENTS = YES;
				CLANG_WARN_EMPTY_BODY = YES;
				CLANG_WARN_ENUM_CONVERSION = YES;
				CLANG_WARN_INFINITE_RECURSION = YES;
				CLANG_WARN_INT_CONVERSION = YES;
				CLANG_WARN_NON_LITERAL_NULL_CONVERSION = YES;
				CLANG_WARN_OBJC_IMPLICIT_RETAIN_SELF = YES;
				CLANG_WARN_OBJC_LITERAL_CONVERSION = YES;
				CLANG_WARN_OBJC_ROOT_CLASS = YES_ERROR;
				CLANG_WARN_QUOTED_INCLUDE_IN_FRAMEWORK_HEADER = YES;
				CLANG_WARN_RANGE_LOOP_ANALYSIS = YES;
				CLANG_WARN_STRICT_PROTOTYPES = YES;
				CLANG_WARN_SUSPICIOUS_MOVE = YES;
				CLANG_WARN_UNGUARDED_AVAILABILITY = YES_AGGRESSIVE;
				CLANG_WARN_UNREACHABLE_CODE = YES;
				CLANG_WARN__DUPLICATE_METHOD_MATCH = YES;
				COPY_PHASE_STRIP = NO;
				DEBUG_INFORMATION_FORMAT = "dwarf-with-dsym";
				ENABLE_NS_ASSERTIONS = NO;
				ENABLE_STRICT_OBJC_MSGSEND = YES;
				GCC_C_LANGUAGE_STANDARD = gnu11;
				GCC_NO_COMMON_BLOCKS = YES;
				GCC_WARN_64_TO_32_BIT_CONVERSION = YES;
				GCC_WARN_ABOUT_RETURN_TYPE = YES_ERROR;
				GCC_WARN_UNDECLARED_SELECTOR = YES;
				GCC_WARN_UNINITIALIZED_AUTOS = YES_AGGRESSIVE;
				GCC_WARN_UNUSED_FUNCTION = YES;
				GCC_WARN_UNUSED_VARIABLE = YES;
				IPHONEOS_DEPLOYMENT_TARGET = 16.2;
				MTL_ENABLE_DEBUG_INFO = NO;
				MTL_FAST_MATH = YES;
				SDKROOT = iphoneos;
				SWIFT_COMPILATION_MODE = wholemodule;
				SWIFT_OPTIMIZATION_LEVEL = "-O";
				VALIDATE_PRODUCT = YES;
			};
			name = Release;
		};
		96DECF8C29C0E8C3009F42A2 /* Debug */ = {
			isa = XCBuildConfiguration;
			buildSettings = {
				ASSETCATALOG_COMPILER_APPICON_NAME = AppIcon;
				ASSETCATALOG_COMPILER_GLOBAL_ACCENT_COLOR_NAME = AccentColor;
				CODE_SIGN_STYLE = Automatic;
				CURRENT_PROJECT_VERSION = 1;
				GENERATE_INFOPLIST_FILE = YES;
				INFOPLIST_FILE = "Memory Puzzle Game/Info.plist";
				INFOPLIST_KEY_UIApplicationSupportsIndirectInputEvents = YES;
				INFOPLIST_KEY_UILaunchStoryboardName = LaunchScreen;
				INFOPLIST_KEY_UIMainStoryboardFile = Main;
				INFOPLIST_KEY_UISupportedInterfaceOrientations = "UIInterfaceOrientationLandscapeLeft UIInterfaceOrientationLandscapeRight UIInterfaceOrientationPortrait";
				INFOPLIST_KEY_UISupportedInterfaceOrientations_iPad = UIInterfaceOrientationPortrait;
				LD_RUNPATH_SEARCH_PATHS = (
					"$(inherited)",
					"@executable_path/Frameworks",
				);
				MARKETING_VERSION = 1.0;
				PRODUCT_BUNDLE_IDENTIFIER = "com.horacio.Memory-Puzzle-Game";
				PRODUCT_NAME = "$(TARGET_NAME)";
				SWIFT_EMIT_LOC_STRINGS = YES;
				SWIFT_VERSION = 5.0;
				TARGETED_DEVICE_FAMILY = "1,2";
			};
			name = Debug;
		};
		96DECF8D29C0E8C3009F42A2 /* Release */ = {
			isa = XCBuildConfiguration;
			buildSettings = {
				ASSETCATALOG_COMPILER_APPICON_NAME = AppIcon;
				ASSETCATALOG_COMPILER_GLOBAL_ACCENT_COLOR_NAME = AccentColor;
				CODE_SIGN_STYLE = Automatic;
				CURRENT_PROJECT_VERSION = 1;
				GENERATE_INFOPLIST_FILE = YES;
				INFOPLIST_FILE = "Memory Puzzle Game/Info.plist";
				INFOPLIST_KEY_UIApplicationSupportsIndirectInputEvents = YES;
				INFOPLIST_KEY_UILaunchStoryboardName = LaunchScreen;
				INFOPLIST_KEY_UIMainStoryboardFile = Main;
				INFOPLIST_KEY_UISupportedInterfaceOrientations = "UIInterfaceOrientationLandscapeLeft UIInterfaceOrientationLandscapeRight UIInterfaceOrientationPortrait";
				INFOPLIST_KEY_UISupportedInterfaceOrientations_iPad = UIInterfaceOrientationPortrait;
				LD_RUNPATH_SEARCH_PATHS = (
					"$(inherited)",
					"@executable_path/Frameworks",
				);
				MARKETING_VERSION = 1.0;
				PRODUCT_BUNDLE_IDENTIFIER = "com.horacio.Memory-Puzzle-Game";
				PRODUCT_NAME = "$(TARGET_NAME)";
				SWIFT_EMIT_LOC_STRINGS = YES;
				SWIFT_VERSION = 5.0;
				TARGETED_DEVICE_FAMILY = "1,2";
			};
			name = Release;
		};
/* End XCBuildConfiguration section */

/* Begin XCConfigurationList section */
		96DECF7229C0E8C1009F42A2 /* Build configuration list for PBXProject "Memory Puzzle Game" */ = {
			isa = XCConfigurationList;
			buildConfigurations = (
				96DECF8929C0E8C3009F42A2 /* Debug */,
				96DECF8A29C0E8C3009F42A2 /* Release */,
			);
			defaultConfigurationIsVisible = 0;
			defaultConfigurationName = Release;
		};
		96DECF8B29C0E8C3009F42A2 /* Build configuration list for PBXNativeTarget "Memory Puzzle Game" */ = {
			isa = XCConfigurationList;
			buildConfigurations = (
				96DECF8C29C0E8C3009F42A2 /* Debug */,
				96DECF8D29C0E8C3009F42A2 /* Release */,
			);
			defaultConfigurationIsVisible = 0;
			defaultConfigurationName = Release;
		};
/* End XCConfigurationList section */
	};
	rootObject = 96DECF6F29C0E8C1009F42A2 /* Project object */;
}
